
Microsoft Visual Studio Solution File, Format Version 12.00
# Visual Studio Version 16
VisualStudioVersion = 16.0.28803.202
MinimumVisualStudioVersion = 10.0.40219.1
Project("{FAE04EC0-301F-11D3-BF4B-00C04F79EFBC}") = "WinFormsApp1", "WinFormsApp1\WinFormsApp1.csproj", "{2F98696D-24D2-4BBA-99D8-884F91023502}"
EndProject
Global
	GlobalSection(SolutionConfigurationPlatforms) = preSolution
		Debug|Any CPU = Debug|Any CPU
		Release|Any CPU = Release|Any CPU
	EndGlobalSection
	GlobalSection(ProjectConfigurationPlatforms) = postSolution
		{2F98696D-24D2-4BBA-99D8-884F91023502}.Debug|Any CPU.ActiveCfg = Debug|Any CPU
		{2F98696D-24D2-4BBA-99D8-884F91023502}.Debug|Any CPU.Build.0 = Debug|Any CPU
		{2F98696D-24D2-4BBA-99D8-884F91023502}.Release|Any CPU.ActiveCfg = Release|Any CPU
		{2F98696D-24D2-4BBA-99D8-884F91023502}.Release|Any CPU.Build.0 = Release|Any CPU
	EndGlobalSection
	GlobalSection(SolutionProperties) = preSolution
		HideSolutionNode = FALSE
	EndGlobalSection
	GlobalSection(ExtensibilityGlobals) = postSolution
		SolutionGuid = {6EF172F2-ECCE-4182-9EE7-07C1691C8CDE}
	EndGlobalSection
EndGlobal
